
Microsoft Visual Studio Solution File, Format Version 12.00
# Visual Studio Version 17
VisualStudioVersion = 17.7.34031.279
MinimumVisualStudioVersion = 10.0.40219.1
Project("{FAE04EC0-301F-11D3-BF4B-00C04F79EFBC}") = "CSharpCar", "CSharpCar\CSharpCar.csproj", "{DAD16F6D-689E-4835-9BBC-302771DFC794}"
EndProject
Global
	GlobalSection(SolutionConfigurationPlatforms) = preSolution
		Debug|Any CPU = Debug|Any CPU
		Release|Any CPU = Release|Any CPU
	EndGlobalSection
	GlobalSection(ProjectConfigurationPlatforms) = postSolution
		{DAD16F6D-689E-4835-9BBC-302771DFC794}.Debug|Any CPU.ActiveCfg = Debug|Any CPU
		{DAD16F6D-689E-4835-9BBC-302771DFC794}.Debug|Any CPU.Build.0 = Debug|Any CPU
		{DAD16F6D-689E-4835-9BBC-302771DFC794}.Release|Any CPU.ActiveCfg = Release|Any CPU
		{DAD16F6D-689E-4835-9BBC-302771DFC794}.Release|Any CPU.Build.0 = Release|Any CPU
	EndGlobalSection
	GlobalSection(SolutionProperties) = preSolution
		HideSolutionNode = FALSE
	EndGlobalSection
	GlobalSection(ExtensibilityGlobals) = postSolution
		SolutionGuid = {D0D9398B-E89A-4944-AE34-6CFA0CBA62C7}
	EndGlobalSection
EndGlobal
